
Microsoft Visual Studio Solution File, Format Version 12.00
# Visual Studio 15
Project("{FAE04EC0-301F-11D3-BF4B-00C04F79EFBC}") = "Assembly-CSharp", "Assembly-CSharp.csproj", "{8D11627D-86C2-9297-68AA-A1B144A12CF9}"
EndProject
Project("{FAE04EC0-301F-11D3-BF4B-00C04F79EFBC}") = "Assembly-CSharp-Editor", "Assembly-CSharp-Editor.csproj", "{01927EAF-D1E5-6093-31C3-40C9E7486766}"
EndProject
Global
	GlobalSection(SolutionConfigurationPlatforms) = preSolution
		Debug|Any CPU = Debug|Any CPU
		Release|Any CPU = Release|Any CPU
	EndGlobalSection
	GlobalSection(ProjectConfigurationPlatforms) = postSolution
		{8D11627D-86C2-9297-68AA-A1B144A12CF9}.Debug|Any CPU.ActiveCfg = Debug|Any CPU
		{8D11627D-86C2-9297-68AA-A1B144A12CF9}.Debug|Any CPU.Build.0 = Debug|Any CPU
		{8D11627D-86C2-9297-68AA-A1B144A12CF9}.Release|Any CPU.ActiveCfg = Release|Any CPU
		{8D11627D-86C2-9297-68AA-A1B144A12CF9}.Release|Any CPU.Build.0 = Release|Any CPU
		{01927EAF-D1E5-6093-31C3-40C9E7486766}.Debug|Any CPU.ActiveCfg = Debug|Any CPU
		{01927EAF-D1E5-6093-31C3-40C9E7486766}.Debug|Any CPU.Build.0 = Debug|Any CPU
		{01927EAF-D1E5-6093-31C3-40C9E7486766}.Release|Any CPU.ActiveCfg = Release|Any CPU
		{01927EAF-D1E5-6093-31C3-40C9E7486766}.Release|Any CPU.Build.0 = Release|Any CPU
	EndGlobalSection
	GlobalSection(SolutionProperties) = preSolution
		HideSolutionNode = FALSE
	EndGlobalSection
EndGlobal
